
Microsoft Visual Studio Solution File, Format Version 12.00
# Visual Studio Version 17
VisualStudioVersion = 17.4.33213.308
MinimumVisualStudioVersion = 10.0.40219.1
Project("{FAE04EC0-301F-11D3-BF4B-00C04F79EFBC}") = "Array", "Array\Array.csproj", "{301EA2AE-5D9F-4282-A6A5-80217C67A47B}"
EndProject
Global
	GlobalSection(SolutionConfigurationPlatforms) = preSolution
		Debug|Any CPU = Debug|Any CPU
		Release|Any CPU = Release|Any CPU
	EndGlobalSection
	GlobalSection(ProjectConfigurationPlatforms) = postSolution
		{301EA2AE-5D9F-4282-A6A5-80217C67A47B}.Debug|Any CPU.ActiveCfg = Debug|Any CPU
		{301EA2AE-5D9F-4282-A6A5-80217C67A47B}.Debug|Any CPU.Build.0 = Debug|Any CPU
		{301EA2AE-5D9F-4282-A6A5-80217C67A47B}.Release|Any CPU.ActiveCfg = Release|Any CPU
		{301EA2AE-5D9F-4282-A6A5-80217C67A47B}.Release|Any CPU.Build.0 = Release|Any CPU
	EndGlobalSection
	GlobalSection(SolutionProperties) = preSolution
		HideSolutionNode = FALSE
	EndGlobalSection
	GlobalSection(ExtensibilityGlobals) = postSolution
		SolutionGuid = {30F8CBD7-786D-4806-AC20-9A5FF7379990}
	EndGlobalSection
EndGlobal
